
Microsoft Visual Studio Solution File, Format Version 12.00
# Visual Studio Version 17
VisualStudioVersion = 17.4.33213.308
MinimumVisualStudioVersion = 10.0.40219.1
Project("{9A19103F-16F7-4668-BE54-9A1E7A4F7556}") = "MLPosteDeliveryExpress", "Library\MLPosteDeliveryExpress.csproj", "{37B9B86A-973C-478D-A395-158BD314D9E7}"
EndProject
Project("{9A19103F-16F7-4668-BE54-9A1E7A4F7556}") = "Test", "Test\Test.csproj", "{025FAA11-3A69-4DE0-86B9-CB6DA2A66518}"
EndProject
Project("{2150E333-8FDC-42A3-9474-1A3956D46DE8}") = "Elementi di soluzione", "Elementi di soluzione", "{79BB8060-7221-42DA-ADCE-48184664FBAD}"
	ProjectSection(SolutionItems) = preProject
		LICENSE.txt = LICENSE.txt
		README.md = README.md
	EndProjectSection
EndProject
Global
	GlobalSection(SolutionConfigurationPlatforms) = preSolution
		Debug|Any CPU = Debug|Any CPU
		Release|Any CPU = Release|Any CPU
	EndGlobalSection
	GlobalSection(ProjectConfigurationPlatforms) = postSolution
		{37B9B86A-973C-478D-A395-158BD314D9E7}.Debug|Any CPU.ActiveCfg = Debug|Any CPU
		{37B9B86A-973C-478D-A395-158BD314D9E7}.Debug|Any CPU.Build.0 = Debug|Any CPU
		{37B9B86A-973C-478D-A395-158BD314D9E7}.Release|Any CPU.ActiveCfg = Release|Any CPU
		{37B9B86A-973C-478D-A395-158BD314D9E7}.Release|Any CPU.Build.0 = Release|Any CPU
		{025FAA11-3A69-4DE0-86B9-CB6DA2A66518}.Debug|Any CPU.ActiveCfg = Debug|Any CPU
		{025FAA11-3A69-4DE0-86B9-CB6DA2A66518}.Debug|Any CPU.Build.0 = Debug|Any CPU
		{025FAA11-3A69-4DE0-86B9-CB6DA2A66518}.Release|Any CPU.ActiveCfg = Release|Any CPU
		{025FAA11-3A69-4DE0-86B9-CB6DA2A66518}.Release|Any CPU.Build.0 = Release|Any CPU
	EndGlobalSection
	GlobalSection(SolutionProperties) = preSolution
		HideSolutionNode = FALSE
	EndGlobalSection
	GlobalSection(ExtensibilityGlobals) = postSolution
		SolutionGuid = {300CB62F-6B0D-45B8-A131-9748070C3650}
	EndGlobalSection
EndGlobal
